
Microsoft Visual Studio Solution File, Format Version 12.00
# Visual Studio Version 16
VisualStudioVersion = 16.0.30621.155
MinimumVisualStudioVersion = 10.0.40219.1
Project("{FAE04EC0-301F-11D3-BF4B-00C04F79EFBC}") = "DBF-NTX-generator", "DBF-NTX-generator.csproj", "{BBB9A417-5BE2-4CA4-8FB5-B16CCB8730F5}"
EndProject
Global
	GlobalSection(SolutionConfigurationPlatforms) = preSolution
		Debug|Any CPU = Debug|Any CPU
		Release|Any CPU = Release|Any CPU
	EndGlobalSection
	GlobalSection(ProjectConfigurationPlatforms) = postSolution
		{BBB9A417-5BE2-4CA4-8FB5-B16CCB8730F5}.Debug|Any CPU.ActiveCfg = Debug|Any CPU
		{BBB9A417-5BE2-4CA4-8FB5-B16CCB8730F5}.Debug|Any CPU.Build.0 = Debug|Any CPU
		{BBB9A417-5BE2-4CA4-8FB5-B16CCB8730F5}.Release|Any CPU.ActiveCfg = Release|Any CPU
		{BBB9A417-5BE2-4CA4-8FB5-B16CCB8730F5}.Release|Any CPU.Build.0 = Release|Any CPU
	EndGlobalSection
	GlobalSection(SolutionProperties) = preSolution
		HideSolutionNode = FALSE
	EndGlobalSection
	GlobalSection(ExtensibilityGlobals) = postSolution
		SolutionGuid = {FECCA7B5-061F-455F-AEE3-438FE265E79C}
	EndGlobalSection
EndGlobal
